
Microsoft Visual Studio Solution File, Format Version 12.00
# Visual Studio Version 16
VisualStudioVersion = 16.0.30907.101
MinimumVisualStudioVersion = 10.0.40219.1
Project("{FAE04EC0-301F-11D3-BF4B-00C04F79EFBC}") = "Lab3_0ВТд4110_Karel", "Lab3_0ВТд4110_Karel\Lab3_0ВТд4110_Karel.csproj", "{C9EEBAF3-65C0-4539-8D48-A5704B6D4232}"
EndProject
Global
	GlobalSection(SolutionConfigurationPlatforms) = preSolution
		Debug|Any CPU = Debug|Any CPU
		Release|Any CPU = Release|Any CPU
	EndGlobalSection
	GlobalSection(ProjectConfigurationPlatforms) = postSolution
		{C9EEBAF3-65C0-4539-8D48-A5704B6D4232}.Debug|Any CPU.ActiveCfg = Debug|Any CPU
		{C9EEBAF3-65C0-4539-8D48-A5704B6D4232}.Debug|Any CPU.Build.0 = Debug|Any CPU
		{C9EEBAF3-65C0-4539-8D48-A5704B6D4232}.Release|Any CPU.ActiveCfg = Release|Any CPU
		{C9EEBAF3-65C0-4539-8D48-A5704B6D4232}.Release|Any CPU.Build.0 = Release|Any CPU
	EndGlobalSection
	GlobalSection(SolutionProperties) = preSolution
		HideSolutionNode = FALSE
	EndGlobalSection
	GlobalSection(ExtensibilityGlobals) = postSolution
		SolutionGuid = {CF24B7B7-F7F9-4596-9C4E-E458D8E91406}
	EndGlobalSection
EndGlobal
